
Microsoft Visual Studio Solution File, Format Version 12.00
# Visual Studio 2013
VisualStudioVersion = 12.0.30723.0
MinimumVisualStudioVersion = 10.0.40219.1
Project("{159641D6-6404-4A2A-AE62-294DE0FE8301}") = "02 - Analyze a SSIS Package", "02 - Analyze a SSIS Package\02 - Analyze a SSIS Package.dtproj", "{3DD02D63-F052-43C5-A473-F594BEC38E6E}"
EndProject
Global
	GlobalSection(SolutionConfigurationPlatforms) = preSolution
		Development|Default = Development|Default
	EndGlobalSection
	GlobalSection(ProjectConfigurationPlatforms) = postSolution
		{3DD02D63-F052-43C5-A473-F594BEC38E6E}.Development|Default.ActiveCfg = Development
		{3DD02D63-F052-43C5-A473-F594BEC38E6E}.Development|Default.Build.0 = Development
	EndGlobalSection
	GlobalSection(SolutionProperties) = preSolution
		HideSolutionNode = FALSE
	EndGlobalSection
EndGlobal
